{
  "name": "live-logistics-map",
  "version": "1.0.0",
  "lockfileVersion": 3,
  "requires": true,
  "packages": {
    "": {
      "name": "live-logistics-map",
      "version": "1.0.0",
      "license": "ISC",
      "author": "9e2fdb788f7d0cefa8a65613d780f676bea82fddbb7cc9a066edd8122ddec245"
    }
  },
  "author": "9e2fdb788f7d0cefa8a65613d780f676bea82fddbb7cc9a066edd8122ddec245"
}
